
Microsoft Visual Studio Solution File, Format Version 12.00
# Visual Studio Version 16
VisualStudioVersion = 16.0.31613.86
MinimumVisualStudioVersion = 10.0.40219.1
Project("{FAE04EC0-301F-11D3-BF4B-00C04F79EFBC}") = "StockData.Worker", "StockData.Worker\StockData.Worker.csproj", "{A2288C32-45F0-46FA-A0EB-16E45D61E407}"
EndProject
Project("{FAE04EC0-301F-11D3-BF4B-00C04F79EFBC}") = "StockData.Stock", "StockData.Stock\StockData.Stock.csproj", "{1DB70C50-0846-4046-A218-68AD441510B0}"
EndProject
Project("{FAE04EC0-301F-11D3-BF4B-00C04F79EFBC}") = "StockData.Data", "StockData.Data\StockData.Data.csproj", "{4A579839-7A96-408E-A3EB-98075CF1D1A0}"
EndProject
Global
	GlobalSection(SolutionConfigurationPlatforms) = preSolution
		Debug|Any CPU = Debug|Any CPU
		Release|Any CPU = Release|Any CPU
	EndGlobalSection
	GlobalSection(ProjectConfigurationPlatforms) = postSolution
		{A2288C32-45F0-46FA-A0EB-16E45D61E407}.Debug|Any CPU.ActiveCfg = Debug|Any CPU
		{A2288C32-45F0-46FA-A0EB-16E45D61E407}.Debug|Any CPU.Build.0 = Debug|Any CPU
		{A2288C32-45F0-46FA-A0EB-16E45D61E407}.Release|Any CPU.ActiveCfg = Release|Any CPU
		{A2288C32-45F0-46FA-A0EB-16E45D61E407}.Release|Any CPU.Build.0 = Release|Any CPU
		{1DB70C50-0846-4046-A218-68AD441510B0}.Debug|Any CPU.ActiveCfg = Debug|Any CPU
		{1DB70C50-0846-4046-A218-68AD441510B0}.Debug|Any CPU.Build.0 = Debug|Any CPU
		{1DB70C50-0846-4046-A218-68AD441510B0}.Release|Any CPU.ActiveCfg = Release|Any CPU
		{1DB70C50-0846-4046-A218-68AD441510B0}.Release|Any CPU.Build.0 = Release|Any CPU
		{4A579839-7A96-408E-A3EB-98075CF1D1A0}.Debug|Any CPU.ActiveCfg = Debug|Any CPU
		{4A579839-7A96-408E-A3EB-98075CF1D1A0}.Debug|Any CPU.Build.0 = Debug|Any CPU
		{4A579839-7A96-408E-A3EB-98075CF1D1A0}.Release|Any CPU.ActiveCfg = Release|Any CPU
		{4A579839-7A96-408E-A3EB-98075CF1D1A0}.Release|Any CPU.Build.0 = Release|Any CPU
	EndGlobalSection
	GlobalSection(SolutionProperties) = preSolution
		HideSolutionNode = FALSE
	EndGlobalSection
	GlobalSection(ExtensibilityGlobals) = postSolution
		SolutionGuid = {FD1F84E1-9EE1-4BE5-9BA0-9124CD018556}
	EndGlobalSection
EndGlobal
