
Microsoft Visual Studio Solution File, Format Version 12.00
# Visual Studio Version 16
VisualStudioVersion = 16.0.31424.327
MinimumVisualStudioVersion = 10.0.40219.1
Project("{9A19103F-16F7-4668-BE54-9A1E7A4F7556}") = "TicketBookingSystem", "TicketBookingSystem\TicketBookingSystem.csproj", "{5FC288CB-BC34-4BEE-AF22-0265D363563E}"
EndProject
Project("{FAE04EC0-301F-11D3-BF4B-00C04F79EFBC}") = "TicketBookingSystem.Data", "TicketBookingSystem.Data\TicketBookingSystem.Data.csproj", "{6326763C-B70C-4B1C-A18F-41BEEF7AF330}"
EndProject
Global
	GlobalSection(SolutionConfigurationPlatforms) = preSolution
		Debug|Any CPU = Debug|Any CPU
		Release|Any CPU = Release|Any CPU
	EndGlobalSection
	GlobalSection(ProjectConfigurationPlatforms) = postSolution
		{5FC288CB-BC34-4BEE-AF22-0265D363563E}.Debug|Any CPU.ActiveCfg = Debug|Any CPU
		{5FC288CB-BC34-4BEE-AF22-0265D363563E}.Debug|Any CPU.Build.0 = Debug|Any CPU
		{5FC288CB-BC34-4BEE-AF22-0265D363563E}.Release|Any CPU.ActiveCfg = Release|Any CPU
		{5FC288CB-BC34-4BEE-AF22-0265D363563E}.Release|Any CPU.Build.0 = Release|Any CPU
		{6326763C-B70C-4B1C-A18F-41BEEF7AF330}.Debug|Any CPU.ActiveCfg = Debug|Any CPU
		{6326763C-B70C-4B1C-A18F-41BEEF7AF330}.Debug|Any CPU.Build.0 = Debug|Any CPU
		{6326763C-B70C-4B1C-A18F-41BEEF7AF330}.Release|Any CPU.ActiveCfg = Release|Any CPU
		{6326763C-B70C-4B1C-A18F-41BEEF7AF330}.Release|Any CPU.Build.0 = Release|Any CPU
	EndGlobalSection
	GlobalSection(SolutionProperties) = preSolution
		HideSolutionNode = FALSE
	EndGlobalSection
	GlobalSection(ExtensibilityGlobals) = postSolution
		SolutionGuid = {D520B2E4-FDCF-4397-AF0E-33AB3B56A414}
	EndGlobalSection
EndGlobal
