
Microsoft Visual Studio Solution File, Format Version 12.00
# Visual Studio Version 16
VisualStudioVersion = 16.0.31424.327
MinimumVisualStudioVersion = 10.0.40219.1
Project("{FAE04EC0-301F-11D3-BF4B-00C04F79EFBC}") = "SocialNetwork.Web", "SocialNetwork.Web\SocialNetwork.Web.csproj", "{020F0A66-F1C1-4BC5-A279-EE4767DE6D03}"
EndProject
Project("{FAE04EC0-301F-11D3-BF4B-00C04F79EFBC}") = "SocialNetwork.Profiling", "SocialNetwork.Profiling\SocialNetwork.Profiling.csproj", "{10183004-8D39-4047-8DFB-73B562335CB3}"
EndProject
Project("{FAE04EC0-301F-11D3-BF4B-00C04F79EFBC}") = "SocialNetwork.Data", "SocialNetwork.Data\SocialNetwork.Data.csproj", "{3882CBD2-0006-4787-9EB8-FE0AA0724AD1}"
EndProject
Global
	GlobalSection(SolutionConfigurationPlatforms) = preSolution
		Debug|Any CPU = Debug|Any CPU
		Release|Any CPU = Release|Any CPU
	EndGlobalSection
	GlobalSection(ProjectConfigurationPlatforms) = postSolution
		{020F0A66-F1C1-4BC5-A279-EE4767DE6D03}.Debug|Any CPU.ActiveCfg = Debug|Any CPU
		{020F0A66-F1C1-4BC5-A279-EE4767DE6D03}.Debug|Any CPU.Build.0 = Debug|Any CPU
		{020F0A66-F1C1-4BC5-A279-EE4767DE6D03}.Release|Any CPU.ActiveCfg = Release|Any CPU
		{020F0A66-F1C1-4BC5-A279-EE4767DE6D03}.Release|Any CPU.Build.0 = Release|Any CPU
		{10183004-8D39-4047-8DFB-73B562335CB3}.Debug|Any CPU.ActiveCfg = Debug|Any CPU
		{10183004-8D39-4047-8DFB-73B562335CB3}.Debug|Any CPU.Build.0 = Debug|Any CPU
		{10183004-8D39-4047-8DFB-73B562335CB3}.Release|Any CPU.ActiveCfg = Release|Any CPU
		{10183004-8D39-4047-8DFB-73B562335CB3}.Release|Any CPU.Build.0 = Release|Any CPU
		{3882CBD2-0006-4787-9EB8-FE0AA0724AD1}.Debug|Any CPU.ActiveCfg = Debug|Any CPU
		{3882CBD2-0006-4787-9EB8-FE0AA0724AD1}.Debug|Any CPU.Build.0 = Debug|Any CPU
		{3882CBD2-0006-4787-9EB8-FE0AA0724AD1}.Release|Any CPU.ActiveCfg = Release|Any CPU
		{3882CBD2-0006-4787-9EB8-FE0AA0724AD1}.Release|Any CPU.Build.0 = Release|Any CPU
	EndGlobalSection
	GlobalSection(SolutionProperties) = preSolution
		HideSolutionNode = FALSE
	EndGlobalSection
	GlobalSection(ExtensibilityGlobals) = postSolution
		SolutionGuid = {66D6E83B-C38A-49FB-8F9C-E6C1B78985F5}
	EndGlobalSection
EndGlobal
